schema: '2.0'
stages:
  data_ingestion:
    cmd: python src/data_ingestion.py
    deps:
    - path: src/data_ingestion.py
      hash: md5
      md5: 125619b00e8cd09128a92e348e525888
      size: 2938
    outs:
    - path: data/raw/raw_data.csv
      hash: md5
      md5: 3d8ecb6acc324137fe4affc13655564f
      size: 384337
  data_preprocessing:
    cmd: python src/data_preprocessing.py
    deps:
    - path: src/data_preprocessing.py
      hash: md5
      md5: 11d7fa1ee9d284647797b3bcf0c8cf82
      size: 4575
    outs:
    - path: data/processed/test.csv
      hash: md5
      md5: 91a0086f223216ebabec527da8b02f62
      size: 35162
    - path: data/processed/train.csv
      hash: md5
      md5: e102097aab9bac80139af0c35e2538bc
      size: 140127
  train:
    cmd: python src/train_pipeline.py
    deps:
    - path: data/processed/test.csv
      hash: md5
      md5: 91a0086f223216ebabec527da8b02f62
      size: 35162
    - path: data/processed/train.csv
      hash: md5
      md5: e102097aab9bac80139af0c35e2538bc
      size: 140127
    - path: src/model.py
      hash: md5
      md5: fb659ec9eba6b4f322036089823c2462
      size: 1840
    - path: src/train_pipeline.py
      hash: md5
      md5: 93bbde64b18ba334c8354429cd5a503f
      size: 1804
    outs:
    - path: models/loan_approval_model.pkl
      hash: md5
      md5: 6c7b0b13c33e0cb47b60a54bef42377f
      size: 2361753
